
Microsoft Visual Studio Solution File, Format Version 12.00
# Visual Studio Version 18
VisualStudioVersion = 18.2.11408.102
MinimumVisualStudioVersion = 10.0.40219.1
Project("{FAE04EC0-301F-11D3-BF4B-00C04F79EFBC}") = "Sapphire2025", "..\Sapphire2025\Sapphire2025.csproj", "{286418F7-5D9E-4F9A-8E22-2888A8986D64}"
EndProject
Project("{FAE04EC0-301F-11D3-BF4B-00C04F79EFBC}") = "Sapphire2025Server", "..\Sapphire2025Server\Sapphire2025Server.csproj", "{1E618F2D-DCF8-450C-A493-D26BB8B28B72}"
EndProject
Project("{FAE04EC0-301F-11D3-BF4B-00C04F79EFBC}") = "Sapphire2025Models", "..\Sapphire2025Models\Sapphire2025Models.csproj", "{E479905E-0433-4E92-B896-F6782229618C}"
EndProject
Project("{FAE04EC0-301F-11D3-BF4B-00C04F79EFBC}") = "TimeNet2026", "TimeNet2026\TimeNet2026.csproj", "{CAC9A3F4-E30E-4F81-A679-224B934E4E62}"
EndProject
Project("{FAE04EC0-301F-11D3-BF4B-00C04F79EFBC}") = "TimeNetComponents", "TimeNetComponents\TimeNetComponents.csproj", "{91C4B9E8-A00B-4111-BFB1-FEB9E4BF00AD}"
EndProject
Project("{FAE04EC0-301F-11D3-BF4B-00C04F79EFBC}") = "TimeNetWebServer", "TimeNetWebServer\TimeNetWebServer.csproj", "{7B8DE047-6C26-4936-9F63-0C9CC85C4978}"
EndProject
Project("{2150E333-8FDC-42A3-9474-1A3956D46DE8}") = "Elementos de la solución", "Elementos de la solución", "{214023F5-0727-429A-BD75-1815997CED74}"
	ProjectSection(SolutionItems) = preProject
		global.json = global.json
	EndProjectSection
EndProject
Project("{FAE04EC0-301F-11D3-BF4B-00C04F79EFBC}") = "Sapphire2026Data", "Sapphire2026Data\Sapphire2026Data.csproj", "{0DCE5E0B-E6E0-40EA-917F-8F2306FD0F53}"
EndProject
Project("{FAE04EC0-301F-11D3-BF4B-00C04F79EFBC}") = "Sapphire2026Telegram", "Sapphire2026Telegram\Sapphire2026Telegram.csproj", "{4498B36D-B6A7-42FF-B1F6-660BC258FBC3}"
EndProject
Project("{FAE04EC0-301F-11D3-BF4B-00C04F79EFBC}") = "TimeNet2026Data", "TimeNet2026Data\TimeNet2026Data.csproj", "{D4A77742-26BE-45B9-89B9-C8493D361973}"
EndProject
Project("{FAE04EC0-301F-11D3-BF4B-00C04F79EFBC}") = "Tourmaline26", "Tourmaline26\Tourmaline26.csproj", "{E3A72FBC-EDED-437A-88F3-466EA9E2FA4D}"
EndProject
Project("{FAE04EC0-301F-11D3-BF4B-00C04F79EFBC}") = "MonoGameRenderer", "MonoGameRenderer\MonoGameRenderer.csproj", "{2401D9F6-6E15-47A5-A76D-F5B23B3758BA}"
EndProject
Project("{FAE04EC0-301F-11D3-BF4B-00C04F79EFBC}") = "FreeTrainSimulator.Common", "FreeTrainSimulator.Common\FreeTrainSimulator.Common.csproj", "{1B824F61-752A-4DBC-A44D-063DDB784295}"
EndProject
Project("{FAE04EC0-301F-11D3-BF4B-00C04F79EFBC}") = "FreeTrainSimulator.Models", "..\..\..\source\repos\FreeTrainSimulator.Models\FreeTrainSimulator.Models.csproj", "{C37C7D99-EA85-4DE5-907D-BB4257B01FD6}"
EndProject
Project("{FAE04EC0-301F-11D3-BF4B-00C04F79EFBC}") = "Orts.Formats", "Orts.Formats\Orts.Formats.csproj", "{1D71D10F-E9B0-76C1-5CC9-20F1C291A184}"
EndProject
Project("{FAE04EC0-301F-11D3-BF4B-00C04F79EFBC}") = "FreeTrainSimulator.Models.Imported", "FreeTrainSimulator.Models.Imported\FreeTrainSimulator.Models.Imported.csproj", "{3C584F5C-53D4-4597-A6A8-AA1CB6725FAD}"
EndProject
Project("{FAE04EC0-301F-11D3-BF4B-00C04F79EFBC}") = "FreeTrainSimulator.Graphics", "FreeTrainSimulator.Graphics\FreeTrainSimulator.Graphics.csproj", "{1FADD048-576A-47B6-B9CA-AF9FEA7F59E7}"
EndProject
Project("{FAE04EC0-301F-11D3-BF4B-00C04F79EFBC}") = "MonoGameSimulator", "MonoGameSimulator\MonoGameSimulator.csproj", "{647A9C5B-1CCD-4469-AC0B-FF37EC379521}"
EndProject
Project("{FAE04EC0-301F-11D3-BF4B-00C04F79EFBC}") = "SimulatorSerializator", "SimulatorSerializator\SimulatorSerializator.csproj", "{AA347A3C-8E1E-40F2-88A8-7C3008F14851}"
EndProject
Global
	GlobalSection(SolutionConfigurationPlatforms) = preSolution
		Debug|Any CPU = Debug|Any CPU
		Debug|x64 = Debug|x64
		Release|Any CPU = Release|Any CPU
		Release|x64 = Release|x64
	EndGlobalSection
	GlobalSection(ProjectConfigurationPlatforms) = postSolution
		{286418F7-5D9E-4F9A-8E22-2888A8986D64}.Debug|Any CPU.ActiveCfg = Debug|Any CPU
		{286418F7-5D9E-4F9A-8E22-2888A8986D64}.Debug|Any CPU.Build.0 = Debug|Any CPU
		{286418F7-5D9E-4F9A-8E22-2888A8986D64}.Debug|x64.ActiveCfg = Debug|Any CPU
		{286418F7-5D9E-4F9A-8E22-2888A8986D64}.Debug|x64.Build.0 = Debug|Any CPU
		{286418F7-5D9E-4F9A-8E22-2888A8986D64}.Release|Any CPU.ActiveCfg = Release|Any CPU
		{286418F7-5D9E-4F9A-8E22-2888A8986D64}.Release|Any CPU.Build.0 = Release|Any CPU
		{286418F7-5D9E-4F9A-8E22-2888A8986D64}.Release|x64.ActiveCfg = Release|Any CPU
		{286418F7-5D9E-4F9A-8E22-2888A8986D64}.Release|x64.Build.0 = Release|Any CPU
		{1E618F2D-DCF8-450C-A493-D26BB8B28B72}.Debug|Any CPU.ActiveCfg = Debug|Any CPU
		{1E618F2D-DCF8-450C-A493-D26BB8B28B72}.Debug|Any CPU.Build.0 = Debug|Any CPU
		{1E618F2D-DCF8-450C-A493-D26BB8B28B72}.Debug|x64.ActiveCfg = Debug|x64
		{1E618F2D-DCF8-450C-A493-D26BB8B28B72}.Debug|x64.Build.0 = Debug|x64
		{1E618F2D-DCF8-450C-A493-D26BB8B28B72}.Release|Any CPU.ActiveCfg = Release|Any CPU
		{1E618F2D-DCF8-450C-A493-D26BB8B28B72}.Release|Any CPU.Build.0 = Release|Any CPU
		{1E618F2D-DCF8-450C-A493-D26BB8B28B72}.Release|x64.ActiveCfg = Release|x64
		{1E618F2D-DCF8-450C-A493-D26BB8B28B72}.Release|x64.Build.0 = Release|x64
		{E479905E-0433-4E92-B896-F6782229618C}.Debug|Any CPU.ActiveCfg = Debug|Any CPU
		{E479905E-0433-4E92-B896-F6782229618C}.Debug|Any CPU.Build.0 = Debug|Any CPU
		{E479905E-0433-4E92-B896-F6782229618C}.Debug|x64.ActiveCfg = Debug|Any CPU
		{E479905E-0433-4E92-B896-F6782229618C}.Debug|x64.Build.0 = Debug|Any CPU
		{E479905E-0433-4E92-B896-F6782229618C}.Release|Any CPU.ActiveCfg = Release|Any CPU
		{E479905E-0433-4E92-B896-F6782229618C}.Release|Any CPU.Build.0 = Release|Any CPU
		{E479905E-0433-4E92-B896-F6782229618C}.Release|x64.ActiveCfg = Release|Any CPU
		{E479905E-0433-4E92-B896-F6782229618C}.Release|x64.Build.0 = Release|Any CPU
		{CAC9A3F4-E30E-4F81-A679-224B934E4E62}.Debug|Any CPU.ActiveCfg = Debug|Any CPU
		{CAC9A3F4-E30E-4F81-A679-224B934E4E62}.Debug|Any CPU.Build.0 = Debug|Any CPU
		{CAC9A3F4-E30E-4F81-A679-224B934E4E62}.Debug|x64.ActiveCfg = Debug|Any CPU
		{CAC9A3F4-E30E-4F81-A679-224B934E4E62}.Debug|x64.Build.0 = Debug|Any CPU
		{CAC9A3F4-E30E-4F81-A679-224B934E4E62}.Release|Any CPU.ActiveCfg = Release|Any CPU
		{CAC9A3F4-E30E-4F81-A679-224B934E4E62}.Release|Any CPU.Build.0 = Release|Any CPU
		{CAC9A3F4-E30E-4F81-A679-224B934E4E62}.Release|x64.ActiveCfg = Release|Any CPU
		{CAC9A3F4-E30E-4F81-A679-224B934E4E62}.Release|x64.Build.0 = Release|Any CPU
		{91C4B9E8-A00B-4111-BFB1-FEB9E4BF00AD}.Debug|Any CPU.ActiveCfg = Debug|Any CPU
		{91C4B9E8-A00B-4111-BFB1-FEB9E4BF00AD}.Debug|Any CPU.Build.0 = Debug|Any CPU
		{91C4B9E8-A00B-4111-BFB1-FEB9E4BF00AD}.Debug|x64.ActiveCfg = Debug|Any CPU
		{91C4B9E8-A00B-4111-BFB1-FEB9E4BF00AD}.Debug|x64.Build.0 = Debug|Any CPU
		{91C4B9E8-A00B-4111-BFB1-FEB9E4BF00AD}.Release|Any CPU.ActiveCfg = Release|Any CPU
		{91C4B9E8-A00B-4111-BFB1-FEB9E4BF00AD}.Release|Any CPU.Build.0 = Release|Any CPU
		{91C4B9E8-A00B-4111-BFB1-FEB9E4BF00AD}.Release|x64.ActiveCfg = Release|Any CPU
		{91C4B9E8-A00B-4111-BFB1-FEB9E4BF00AD}.Release|x64.Build.0 = Release|Any CPU
		{7B8DE047-6C26-4936-9F63-0C9CC85C4978}.Debug|Any CPU.ActiveCfg = Debug|Any CPU
		{7B8DE047-6C26-4936-9F63-0C9CC85C4978}.Debug|Any CPU.Build.0 = Debug|Any CPU
		{7B8DE047-6C26-4936-9F63-0C9CC85C4978}.Debug|x64.ActiveCfg = Debug|Any CPU
		{7B8DE047-6C26-4936-9F63-0C9CC85C4978}.Debug|x64.Build.0 = Debug|Any CPU
		{7B8DE047-6C26-4936-9F63-0C9CC85C4978}.Release|Any CPU.ActiveCfg = Release|Any CPU
		{7B8DE047-6C26-4936-9F63-0C9CC85C4978}.Release|Any CPU.Build.0 = Release|Any CPU
		{7B8DE047-6C26-4936-9F63-0C9CC85C4978}.Release|x64.ActiveCfg = Release|Any CPU
		{7B8DE047-6C26-4936-9F63-0C9CC85C4978}.Release|x64.Build.0 = Release|Any CPU
		{0DCE5E0B-E6E0-40EA-917F-8F2306FD0F53}.Debug|Any CPU.ActiveCfg = Debug|Any CPU
		{0DCE5E0B-E6E0-40EA-917F-8F2306FD0F53}.Debug|Any CPU.Build.0 = Debug|Any CPU
		{0DCE5E0B-E6E0-40EA-917F-8F2306FD0F53}.Debug|x64.ActiveCfg = Debug|Any CPU
		{0DCE5E0B-E6E0-40EA-917F-8F2306FD0F53}.Debug|x64.Build.0 = Debug|Any CPU
		{0DCE5E0B-E6E0-40EA-917F-8F2306FD0F53}.Release|Any CPU.ActiveCfg = Release|Any CPU
		{0DCE5E0B-E6E0-40EA-917F-8F2306FD0F53}.Release|Any CPU.Build.0 = Release|Any CPU
		{0DCE5E0B-E6E0-40EA-917F-8F2306FD0F53}.Release|x64.ActiveCfg = Release|Any CPU
		{0DCE5E0B-E6E0-40EA-917F-8F2306FD0F53}.Release|x64.Build.0 = Release|Any CPU
		{4498B36D-B6A7-42FF-B1F6-660BC258FBC3}.Debug|Any CPU.ActiveCfg = Debug|Any CPU
		{4498B36D-B6A7-42FF-B1F6-660BC258FBC3}.Debug|Any CPU.Build.0 = Debug|Any CPU
		{4498B36D-B6A7-42FF-B1F6-660BC258FBC3}.Debug|x64.ActiveCfg = Debug|Any CPU
		{4498B36D-B6A7-42FF-B1F6-660BC258FBC3}.Debug|x64.Build.0 = Debug|Any CPU
		{4498B36D-B6A7-42FF-B1F6-660BC258FBC3}.Release|Any CPU.ActiveCfg = Release|Any CPU
		{4498B36D-B6A7-42FF-B1F6-660BC258FBC3}.Release|Any CPU.Build.0 = Release|Any CPU
		{4498B36D-B6A7-42FF-B1F6-660BC258FBC3}.Release|x64.ActiveCfg = Release|Any CPU
		{4498B36D-B6A7-42FF-B1F6-660BC258FBC3}.Release|x64.Build.0 = Release|Any CPU
		{D4A77742-26BE-45B9-89B9-C8493D361973}.Debug|Any CPU.ActiveCfg = Debug|Any CPU
		{D4A77742-26BE-45B9-89B9-C8493D361973}.Debug|Any CPU.Build.0 = Debug|Any CPU
		{D4A77742-26BE-45B9-89B9-C8493D361973}.Debug|x64.ActiveCfg = Debug|Any CPU
		{D4A77742-26BE-45B9-89B9-C8493D361973}.Debug|x64.Build.0 = Debug|Any CPU
		{D4A77742-26BE-45B9-89B9-C8493D361973}.Release|Any CPU.ActiveCfg = Release|Any CPU
		{D4A77742-26BE-45B9-89B9-C8493D361973}.Release|Any CPU.Build.0 = Release|Any CPU
		{D4A77742-26BE-45B9-89B9-C8493D361973}.Release|x64.ActiveCfg = Release|Any CPU
		{D4A77742-26BE-45B9-89B9-C8493D361973}.Release|x64.Build.0 = Release|Any CPU
		{E3A72FBC-EDED-437A-88F3-466EA9E2FA4D}.Debug|Any CPU.ActiveCfg = Debug|Any CPU
		{E3A72FBC-EDED-437A-88F3-466EA9E2FA4D}.Debug|Any CPU.Build.0 = Debug|Any CPU
		{E3A72FBC-EDED-437A-88F3-466EA9E2FA4D}.Debug|x64.ActiveCfg = Debug|Any CPU
		{E3A72FBC-EDED-437A-88F3-466EA9E2FA4D}.Debug|x64.Build.0 = Debug|Any CPU
		{E3A72FBC-EDED-437A-88F3-466EA9E2FA4D}.Release|Any CPU.ActiveCfg = Release|Any CPU
		{E3A72FBC-EDED-437A-88F3-466EA9E2FA4D}.Release|Any CPU.Build.0 = Release|Any CPU
		{E3A72FBC-EDED-437A-88F3-466EA9E2FA4D}.Release|x64.ActiveCfg = Release|Any CPU
		{E3A72FBC-EDED-437A-88F3-466EA9E2FA4D}.Release|x64.Build.0 = Release|Any CPU
		{2401D9F6-6E15-47A5-A76D-F5B23B3758BA}.Debug|Any CPU.ActiveCfg = Debug|Any CPU
		{2401D9F6-6E15-47A5-A76D-F5B23B3758BA}.Debug|Any CPU.Build.0 = Debug|Any CPU
		{2401D9F6-6E15-47A5-A76D-F5B23B3758BA}.Debug|x64.ActiveCfg = Debug|Any CPU
		{2401D9F6-6E15-47A5-A76D-F5B23B3758BA}.Debug|x64.Build.0 = Debug|Any CPU
		{2401D9F6-6E15-47A5-A76D-F5B23B3758BA}.Release|Any CPU.ActiveCfg = Release|Any CPU
		{2401D9F6-6E15-47A5-A76D-F5B23B3758BA}.Release|Any CPU.Build.0 = Release|Any CPU
		{2401D9F6-6E15-47A5-A76D-F5B23B3758BA}.Release|x64.ActiveCfg = Release|Any CPU
		{2401D9F6-6E15-47A5-A76D-F5B23B3758BA}.Release|x64.Build.0 = Release|Any CPU
		{1B824F61-752A-4DBC-A44D-063DDB784295}.Debug|Any CPU.ActiveCfg = Debug|Any CPU
		{1B824F61-752A-4DBC-A44D-063DDB784295}.Debug|Any CPU.Build.0 = Debug|Any CPU
		{1B824F61-752A-4DBC-A44D-063DDB784295}.Debug|x64.ActiveCfg = Debug|Any CPU
		{1B824F61-752A-4DBC-A44D-063DDB784295}.Debug|x64.Build.0 = Debug|Any CPU
		{1B824F61-752A-4DBC-A44D-063DDB784295}.Release|Any CPU.ActiveCfg = Release|Any CPU
		{1B824F61-752A-4DBC-A44D-063DDB784295}.Release|Any CPU.Build.0 = Release|Any CPU
		{1B824F61-752A-4DBC-A44D-063DDB784295}.Release|x64.ActiveCfg = Release|Any CPU
		{1B824F61-752A-4DBC-A44D-063DDB784295}.Release|x64.Build.0 = Release|Any CPU
		{C37C7D99-EA85-4DE5-907D-BB4257B01FD6}.Debug|Any CPU.ActiveCfg = Debug|Any CPU
		{C37C7D99-EA85-4DE5-907D-BB4257B01FD6}.Debug|Any CPU.Build.0 = Debug|Any CPU
		{C37C7D99-EA85-4DE5-907D-BB4257B01FD6}.Debug|x64.ActiveCfg = Debug|Any CPU
		{C37C7D99-EA85-4DE5-907D-BB4257B01FD6}.Debug|x64.Build.0 = Debug|Any CPU
		{C37C7D99-EA85-4DE5-907D-BB4257B01FD6}.Release|Any CPU.ActiveCfg = Release|Any CPU
		{C37C7D99-EA85-4DE5-907D-BB4257B01FD6}.Release|Any CPU.Build.0 = Release|Any CPU
		{C37C7D99-EA85-4DE5-907D-BB4257B01FD6}.Release|x64.ActiveCfg = Release|Any CPU
		{C37C7D99-EA85-4DE5-907D-BB4257B01FD6}.Release|x64.Build.0 = Release|Any CPU
		{1D71D10F-E9B0-76C1-5CC9-20F1C291A184}.Debug|Any CPU.ActiveCfg = Debug|Any CPU
		{1D71D10F-E9B0-76C1-5CC9-20F1C291A184}.Debug|Any CPU.Build.0 = Debug|Any CPU
		{1D71D10F-E9B0-76C1-5CC9-20F1C291A184}.Debug|x64.ActiveCfg = Debug|Any CPU
		{1D71D10F-E9B0-76C1-5CC9-20F1C291A184}.Debug|x64.Build.0 = Debug|Any CPU
		{1D71D10F-E9B0-76C1-5CC9-20F1C291A184}.Release|Any CPU.ActiveCfg = Release|Any CPU
		{1D71D10F-E9B0-76C1-5CC9-20F1C291A184}.Release|Any CPU.Build.0 = Release|Any CPU
		{1D71D10F-E9B0-76C1-5CC9-20F1C291A184}.Release|x64.ActiveCfg = Release|Any CPU
		{1D71D10F-E9B0-76C1-5CC9-20F1C291A184}.Release|x64.Build.0 = Release|Any CPU
		{3C584F5C-53D4-4597-A6A8-AA1CB6725FAD}.Debug|Any CPU.ActiveCfg = Debug|Any CPU
		{3C584F5C-53D4-4597-A6A8-AA1CB6725FAD}.Debug|Any CPU.Build.0 = Debug|Any CPU
		{3C584F5C-53D4-4597-A6A8-AA1CB6725FAD}.Debug|x64.ActiveCfg = Debug|Any CPU
		{3C584F5C-53D4-4597-A6A8-AA1CB6725FAD}.Debug|x64.Build.0 = Debug|Any CPU
		{3C584F5C-53D4-4597-A6A8-AA1CB6725FAD}.Release|Any CPU.ActiveCfg = Release|Any CPU
		{3C584F5C-53D4-4597-A6A8-AA1CB6725FAD}.Release|Any CPU.Build.0 = Release|Any CPU
		{3C584F5C-53D4-4597-A6A8-AA1CB6725FAD}.Release|x64.ActiveCfg = Release|Any CPU
		{3C584F5C-53D4-4597-A6A8-AA1CB6725FAD}.Release|x64.Build.0 = Release|Any CPU
		{1FADD048-576A-47B6-B9CA-AF9FEA7F59E7}.Debug|Any CPU.ActiveCfg = Debug|Any CPU
		{1FADD048-576A-47B6-B9CA-AF9FEA7F59E7}.Debug|Any CPU.Build.0 = Debug|Any CPU
		{1FADD048-576A-47B6-B9CA-AF9FEA7F59E7}.Debug|x64.ActiveCfg = Debug|Any CPU
		{1FADD048-576A-47B6-B9CA-AF9FEA7F59E7}.Debug|x64.Build.0 = Debug|Any CPU
		{1FADD048-576A-47B6-B9CA-AF9FEA7F59E7}.Release|Any CPU.ActiveCfg = Release|Any CPU
		{1FADD048-576A-47B6-B9CA-AF9FEA7F59E7}.Release|Any CPU.Build.0 = Release|Any CPU
		{1FADD048-576A-47B6-B9CA-AF9FEA7F59E7}.Release|x64.ActiveCfg = Release|Any CPU
		{1FADD048-576A-47B6-B9CA-AF9FEA7F59E7}.Release|x64.Build.0 = Release|Any CPU
		{647A9C5B-1CCD-4469-AC0B-FF37EC379521}.Debug|Any CPU.ActiveCfg = Debug|Any CPU
		{647A9C5B-1CCD-4469-AC0B-FF37EC379521}.Debug|Any CPU.Build.0 = Debug|Any CPU
		{647A9C5B-1CCD-4469-AC0B-FF37EC379521}.Debug|x64.ActiveCfg = Debug|Any CPU
		{647A9C5B-1CCD-4469-AC0B-FF37EC379521}.Debug|x64.Build.0 = Debug|Any CPU
		{647A9C5B-1CCD-4469-AC0B-FF37EC379521}.Release|Any CPU.ActiveCfg = Release|Any CPU
		{647A9C5B-1CCD-4469-AC0B-FF37EC379521}.Release|Any CPU.Build.0 = Release|Any CPU
		{647A9C5B-1CCD-4469-AC0B-FF37EC379521}.Release|x64.ActiveCfg = Release|Any CPU
		{647A9C5B-1CCD-4469-AC0B-FF37EC379521}.Release|x64.Build.0 = Release|Any CPU
		{AA347A3C-8E1E-40F2-88A8-7C3008F14851}.Debug|Any CPU.ActiveCfg = Debug|Any CPU
		{AA347A3C-8E1E-40F2-88A8-7C3008F14851}.Debug|Any CPU.Build.0 = Debug|Any CPU
		{AA347A3C-8E1E-40F2-88A8-7C3008F14851}.Debug|x64.ActiveCfg = Debug|Any CPU
		{AA347A3C-8E1E-40F2-88A8-7C3008F14851}.Debug|x64.Build.0 = Debug|Any CPU
		{AA347A3C-8E1E-40F2-88A8-7C3008F14851}.Release|Any CPU.ActiveCfg = Release|Any CPU
		{AA347A3C-8E1E-40F2-88A8-7C3008F14851}.Release|Any CPU.Build.0 = Release|Any CPU
		{AA347A3C-8E1E-40F2-88A8-7C3008F14851}.Release|x64.ActiveCfg = Release|Any CPU
		{AA347A3C-8E1E-40F2-88A8-7C3008F14851}.Release|x64.Build.0 = Release|Any CPU
	EndGlobalSection
	GlobalSection(SolutionProperties) = preSolution
		HideSolutionNode = FALSE
	EndGlobalSection
	GlobalSection(ExtensibilityGlobals) = postSolution
		SolutionGuid = {C9E80FB6-E7A2-422B-951E-9EF086564EB2}
	EndGlobalSection
EndGlobal
