
Microsoft Visual Studio Solution File, Format Version 12.00
# Visual Studio Version 18
VisualStudioVersion = 18.2.11408.102
MinimumVisualStudioVersion = 10.0.40219.1
Project("{FAE04EC0-301F-11D3-BF4B-00C04F79EFBC}") = "Sapphire2025", "..\Sapphire2025\Sapphire2025.csproj", "{286418F7-5D9E-4F9A-8E22-2888A8986D64}"
EndProject
Project("{FAE04EC0-301F-11D3-BF4B-00C04F79EFBC}") = "Sapphire2025Server", "..\Sapphire2025Server\Sapphire2025Server.csproj", "{1E618F2D-DCF8-450C-A493-D26BB8B28B72}"
EndProject
Project("{FAE04EC0-301F-11D3-BF4B-00C04F79EFBC}") = "Sapphire2025Models", "..\Sapphire2025Models\Sapphire2025Models.csproj", "{E479905E-0433-4E92-B896-F6782229618C}"
EndProject
Project("{FAE04EC0-301F-11D3-BF4B-00C04F79EFBC}") = "TimeNet2026", "TimeNet2026\TimeNet2026.csproj", "{CAC9A3F4-E30E-4F81-A679-224B934E4E62}"
EndProject
Project("{FAE04EC0-301F-11D3-BF4B-00C04F79EFBC}") = "TimeNetComponents", "TimeNetComponents\TimeNetComponents.csproj", "{91C4B9E8-A00B-4111-BFB1-FEB9E4BF00AD}"
EndProject
Project("{FAE04EC0-301F-11D3-BF4B-00C04F79EFBC}") = "TimeNetWebServer", "TimeNetWebServer\TimeNetWebServer.csproj", "{7B8DE047-6C26-4936-9F63-0C9CC85C4978}"
EndProject
Project("{2150E333-8FDC-42A3-9474-1A3956D46DE8}") = "Elementos de la solución", "Elementos de la solución", "{214023F5-0727-429A-BD75-1815997CED74}"
	ProjectSection(SolutionItems) = preProject
		global.json = global.json
	EndProjectSection
EndProject
Global
	GlobalSection(SolutionConfigurationPlatforms) = preSolution
		Debug|Any CPU = Debug|Any CPU
		Debug|x64 = Debug|x64
		Release|Any CPU = Release|Any CPU
		Release|x64 = Release|x64
	EndGlobalSection
	GlobalSection(ProjectConfigurationPlatforms) = postSolution
		{286418F7-5D9E-4F9A-8E22-2888A8986D64}.Debug|Any CPU.ActiveCfg = Debug|Any CPU
		{286418F7-5D9E-4F9A-8E22-2888A8986D64}.Debug|Any CPU.Build.0 = Debug|Any CPU
		{286418F7-5D9E-4F9A-8E22-2888A8986D64}.Debug|x64.ActiveCfg = Debug|Any CPU
		{286418F7-5D9E-4F9A-8E22-2888A8986D64}.Debug|x64.Build.0 = Debug|Any CPU
		{286418F7-5D9E-4F9A-8E22-2888A8986D64}.Release|Any CPU.ActiveCfg = Release|Any CPU
		{286418F7-5D9E-4F9A-8E22-2888A8986D64}.Release|Any CPU.Build.0 = Release|Any CPU
		{286418F7-5D9E-4F9A-8E22-2888A8986D64}.Release|x64.ActiveCfg = Release|Any CPU
		{286418F7-5D9E-4F9A-8E22-2888A8986D64}.Release|x64.Build.0 = Release|Any CPU
		{1E618F2D-DCF8-450C-A493-D26BB8B28B72}.Debug|Any CPU.ActiveCfg = Debug|Any CPU
		{1E618F2D-DCF8-450C-A493-D26BB8B28B72}.Debug|Any CPU.Build.0 = Debug|Any CPU
		{1E618F2D-DCF8-450C-A493-D26BB8B28B72}.Debug|x64.ActiveCfg = Debug|x64
		{1E618F2D-DCF8-450C-A493-D26BB8B28B72}.Debug|x64.Build.0 = Debug|x64
		{1E618F2D-DCF8-450C-A493-D26BB8B28B72}.Release|Any CPU.ActiveCfg = Release|Any CPU
		{1E618F2D-DCF8-450C-A493-D26BB8B28B72}.Release|Any CPU.Build.0 = Release|Any CPU
		{1E618F2D-DCF8-450C-A493-D26BB8B28B72}.Release|x64.ActiveCfg = Release|x64
		{1E618F2D-DCF8-450C-A493-D26BB8B28B72}.Release|x64.Build.0 = Release|x64
		{E479905E-0433-4E92-B896-F6782229618C}.Debug|Any CPU.ActiveCfg = Debug|Any CPU
		{E479905E-0433-4E92-B896-F6782229618C}.Debug|Any CPU.Build.0 = Debug|Any CPU
		{E479905E-0433-4E92-B896-F6782229618C}.Debug|x64.ActiveCfg = Debug|Any CPU
		{E479905E-0433-4E92-B896-F6782229618C}.Debug|x64.Build.0 = Debug|Any CPU
		{E479905E-0433-4E92-B896-F6782229618C}.Release|Any CPU.ActiveCfg = Release|Any CPU
		{E479905E-0433-4E92-B896-F6782229618C}.Release|Any CPU.Build.0 = Release|Any CPU
		{E479905E-0433-4E92-B896-F6782229618C}.Release|x64.ActiveCfg = Release|Any CPU
		{E479905E-0433-4E92-B896-F6782229618C}.Release|x64.Build.0 = Release|Any CPU
		{CAC9A3F4-E30E-4F81-A679-224B934E4E62}.Debug|Any CPU.ActiveCfg = Debug|Any CPU
		{CAC9A3F4-E30E-4F81-A679-224B934E4E62}.Debug|Any CPU.Build.0 = Debug|Any CPU
		{CAC9A3F4-E30E-4F81-A679-224B934E4E62}.Debug|x64.ActiveCfg = Debug|Any CPU
		{CAC9A3F4-E30E-4F81-A679-224B934E4E62}.Debug|x64.Build.0 = Debug|Any CPU
		{CAC9A3F4-E30E-4F81-A679-224B934E4E62}.Release|Any CPU.ActiveCfg = Release|Any CPU
		{CAC9A3F4-E30E-4F81-A679-224B934E4E62}.Release|Any CPU.Build.0 = Release|Any CPU
		{CAC9A3F4-E30E-4F81-A679-224B934E4E62}.Release|x64.ActiveCfg = Release|Any CPU
		{CAC9A3F4-E30E-4F81-A679-224B934E4E62}.Release|x64.Build.0 = Release|Any CPU
		{91C4B9E8-A00B-4111-BFB1-FEB9E4BF00AD}.Debug|Any CPU.ActiveCfg = Debug|Any CPU
		{91C4B9E8-A00B-4111-BFB1-FEB9E4BF00AD}.Debug|Any CPU.Build.0 = Debug|Any CPU
		{91C4B9E8-A00B-4111-BFB1-FEB9E4BF00AD}.Debug|x64.ActiveCfg = Debug|Any CPU
		{91C4B9E8-A00B-4111-BFB1-FEB9E4BF00AD}.Debug|x64.Build.0 = Debug|Any CPU
		{91C4B9E8-A00B-4111-BFB1-FEB9E4BF00AD}.Release|Any CPU.ActiveCfg = Release|Any CPU
		{91C4B9E8-A00B-4111-BFB1-FEB9E4BF00AD}.Release|Any CPU.Build.0 = Release|Any CPU
		{91C4B9E8-A00B-4111-BFB1-FEB9E4BF00AD}.Release|x64.ActiveCfg = Release|Any CPU
		{91C4B9E8-A00B-4111-BFB1-FEB9E4BF00AD}.Release|x64.Build.0 = Release|Any CPU
		{7B8DE047-6C26-4936-9F63-0C9CC85C4978}.Debug|Any CPU.ActiveCfg = Debug|Any CPU
		{7B8DE047-6C26-4936-9F63-0C9CC85C4978}.Debug|Any CPU.Build.0 = Debug|Any CPU
		{7B8DE047-6C26-4936-9F63-0C9CC85C4978}.Debug|x64.ActiveCfg = Debug|Any CPU
		{7B8DE047-6C26-4936-9F63-0C9CC85C4978}.Debug|x64.Build.0 = Debug|Any CPU
		{7B8DE047-6C26-4936-9F63-0C9CC85C4978}.Release|Any CPU.ActiveCfg = Release|Any CPU
		{7B8DE047-6C26-4936-9F63-0C9CC85C4978}.Release|Any CPU.Build.0 = Release|Any CPU
		{7B8DE047-6C26-4936-9F63-0C9CC85C4978}.Release|x64.ActiveCfg = Release|Any CPU
		{7B8DE047-6C26-4936-9F63-0C9CC85C4978}.Release|x64.Build.0 = Release|Any CPU
	EndGlobalSection
	GlobalSection(SolutionProperties) = preSolution
		HideSolutionNode = FALSE
	EndGlobalSection
	GlobalSection(ExtensibilityGlobals) = postSolution
		SolutionGuid = {C9E80FB6-E7A2-422B-951E-9EF086564EB2}
	EndGlobalSection
EndGlobal
