
Microsoft Visual Studio Solution File, Format Version 12.00
# Visual Studio Version 18
VisualStudioVersion = 18.2.11408.102
MinimumVisualStudioVersion = 10.0.40219.1
Project("{FAE04EC0-301F-11D3-BF4B-00C04F79EFBC}") = "Sapphire2025", "..\Sapphire2025\Sapphire2025.csproj", "{286418F7-5D9E-4F9A-8E22-2888A8986D64}"
EndProject
Project("{FAE04EC0-301F-11D3-BF4B-00C04F79EFBC}") = "Sapphire2025Server", "..\Sapphire2025Server\Sapphire2025Server.csproj", "{1E618F2D-DCF8-450C-A493-D26BB8B28B72}"
EndProject
Project("{FAE04EC0-301F-11D3-BF4B-00C04F79EFBC}") = "Sapphire2025Models", "..\Sapphire2025Models\Sapphire2025Models.csproj", "{E479905E-0433-4E92-B896-F6782229618C}"
EndProject
Project("{2150E333-8FDC-42A3-9474-1A3956D46DE8}") = "Elementos de la solución", "Elementos de la solución", "{214023F5-0727-429A-BD75-1815997CED74}"
	ProjectSection(SolutionItems) = preProject
		global.json = global.json
	EndProjectSection
EndProject
Project("{FAE04EC0-301F-11D3-BF4B-00C04F79EFBC}") = "Sapphire2026Data", "Sapphire2026Data\Sapphire2026Data.csproj", "{0DCE5E0B-E6E0-40EA-917F-8F2306FD0F53}"
EndProject
Project("{FAE04EC0-301F-11D3-BF4B-00C04F79EFBC}") = "Sapphire2026Telegram", "Sapphire2026Telegram\Sapphire2026Telegram.csproj", "{4498B36D-B6A7-42FF-B1F6-660BC258FBC3}"
EndProject
Project("{FAE04EC0-301F-11D3-BF4B-00C04F79EFBC}") = "Tourmaline26", "Tourmaline26\Tourmaline26.csproj", "{E3A72FBC-EDED-437A-88F3-466EA9E2FA4D}"
EndProject
Project("{FAE04EC0-301F-11D3-BF4B-00C04F79EFBC}") = "Sapphire2026Clients", "Sapphire2026Clients\Sapphire2026Clients.csproj", "{77A9BA99-4DF9-4D4E-81A2-D96C9B502D55}"
EndProject
Project("{FAE04EC0-301F-11D3-BF4B-00C04F79EFBC}") = "Sapphire26BotSoulTest", "Sapphire26BotSoulTest\Sapphire26BotSoulTest.csproj", "{EF482C41-B1BB-498F-8358-E436C29AB752}"
EndProject
Project("{FAE04EC0-301F-11D3-BF4B-00C04F79EFBC}") = "Diamond", "Diamond\Diamond.csproj", "{80BA902E-808D-42DF-8E0A-E73FB20FFAAA}"
EndProject
Project("{FAE04EC0-301F-11D3-BF4B-00C04F79EFBC}") = "Diamond.Tests", "Diamond.Tests\Diamond.Tests.csproj", "{2EE10EAD-F482-415B-A7FA-89B384ECAC6E}"
EndProject
Project("{FAE04EC0-301F-11D3-BF4B-00C04F79EFBC}") = "Diamond.Web", "Diamond.Web\Diamond.Web.csproj", "{A1A75149-88AD-4B7D-84DF-1EFD41586956}"
EndProject
Project("{FAE04EC0-301F-11D3-BF4B-00C04F79EFBC}") = "Diamond.Controls", "Diamond.Controls\Diamond.Controls.csproj", "{DB9BB340-B271-400F-8E7E-117EBFC7372E}"
EndProject
Project("{FAE04EC0-301F-11D3-BF4B-00C04F79EFBC}") = "GpsEmitter", "GpsEmitter\GpsEmitter.csproj", "{94C38B15-8489-4BC4-B8D6-F17F9860EB3A}"
EndProject
Project("{FAE04EC0-301F-11D3-BF4B-00C04F79EFBC}") = "Tourmaline26.Tests", "Tourmaline26.Tests\Tourmaline26.Tests.csproj", "{4492BDCD-7C91-4D4C-B981-2D70BCB61796}"
EndProject
Global
	GlobalSection(SolutionConfigurationPlatforms) = preSolution
		Debug|Any CPU = Debug|Any CPU
		Debug|x64 = Debug|x64
		Debug|x86 = Debug|x86
		Release|Any CPU = Release|Any CPU
		Release|x64 = Release|x64
		Release|x86 = Release|x86
		Zafiro|Any CPU = Zafiro|Any CPU
		Zafiro|x64 = Zafiro|x64
		Zafiro|x86 = Zafiro|x86
	EndGlobalSection
	GlobalSection(ProjectConfigurationPlatforms) = postSolution
		{286418F7-5D9E-4F9A-8E22-2888A8986D64}.Debug|Any CPU.ActiveCfg = Debug|Any CPU
		{286418F7-5D9E-4F9A-8E22-2888A8986D64}.Debug|Any CPU.Build.0 = Debug|Any CPU
		{286418F7-5D9E-4F9A-8E22-2888A8986D64}.Debug|x64.ActiveCfg = Debug|Any CPU
		{286418F7-5D9E-4F9A-8E22-2888A8986D64}.Debug|x64.Build.0 = Debug|Any CPU
		{286418F7-5D9E-4F9A-8E22-2888A8986D64}.Debug|x86.ActiveCfg = Debug|Any CPU
		{286418F7-5D9E-4F9A-8E22-2888A8986D64}.Debug|x86.Build.0 = Debug|Any CPU
		{286418F7-5D9E-4F9A-8E22-2888A8986D64}.Release|Any CPU.ActiveCfg = Release|Any CPU
		{286418F7-5D9E-4F9A-8E22-2888A8986D64}.Release|Any CPU.Build.0 = Release|Any CPU
		{286418F7-5D9E-4F9A-8E22-2888A8986D64}.Release|x64.ActiveCfg = Release|Any CPU
		{286418F7-5D9E-4F9A-8E22-2888A8986D64}.Release|x64.Build.0 = Release|Any CPU
		{286418F7-5D9E-4F9A-8E22-2888A8986D64}.Release|x86.ActiveCfg = Release|Any CPU
		{286418F7-5D9E-4F9A-8E22-2888A8986D64}.Release|x86.Build.0 = Release|Any CPU
		{286418F7-5D9E-4F9A-8E22-2888A8986D64}.Zafiro|Any CPU.ActiveCfg = Zafiro|Any CPU
		{286418F7-5D9E-4F9A-8E22-2888A8986D64}.Zafiro|Any CPU.Build.0 = Zafiro|Any CPU
		{286418F7-5D9E-4F9A-8E22-2888A8986D64}.Zafiro|x64.ActiveCfg = Zafiro|Any CPU
		{286418F7-5D9E-4F9A-8E22-2888A8986D64}.Zafiro|x64.Build.0 = Zafiro|Any CPU
		{286418F7-5D9E-4F9A-8E22-2888A8986D64}.Zafiro|x86.ActiveCfg = Zafiro|Any CPU
		{286418F7-5D9E-4F9A-8E22-2888A8986D64}.Zafiro|x86.Build.0 = Zafiro|Any CPU
		{1E618F2D-DCF8-450C-A493-D26BB8B28B72}.Debug|Any CPU.ActiveCfg = Debug|Any CPU
		{1E618F2D-DCF8-450C-A493-D26BB8B28B72}.Debug|Any CPU.Build.0 = Debug|Any CPU
		{1E618F2D-DCF8-450C-A493-D26BB8B28B72}.Debug|x64.ActiveCfg = Debug|x64
		{1E618F2D-DCF8-450C-A493-D26BB8B28B72}.Debug|x64.Build.0 = Debug|x64
		{1E618F2D-DCF8-450C-A493-D26BB8B28B72}.Debug|x86.ActiveCfg = Debug|Any CPU
		{1E618F2D-DCF8-450C-A493-D26BB8B28B72}.Debug|x86.Build.0 = Debug|Any CPU
		{1E618F2D-DCF8-450C-A493-D26BB8B28B72}.Release|Any CPU.ActiveCfg = Release|Any CPU
		{1E618F2D-DCF8-450C-A493-D26BB8B28B72}.Release|Any CPU.Build.0 = Release|Any CPU
		{1E618F2D-DCF8-450C-A493-D26BB8B28B72}.Release|x64.ActiveCfg = Release|x64
		{1E618F2D-DCF8-450C-A493-D26BB8B28B72}.Release|x64.Build.0 = Release|x64
		{1E618F2D-DCF8-450C-A493-D26BB8B28B72}.Release|x86.ActiveCfg = Release|Any CPU
		{1E618F2D-DCF8-450C-A493-D26BB8B28B72}.Release|x86.Build.0 = Release|Any CPU
		{1E618F2D-DCF8-450C-A493-D26BB8B28B72}.Zafiro|Any CPU.ActiveCfg = TimeNet|Any CPU
		{1E618F2D-DCF8-450C-A493-D26BB8B28B72}.Zafiro|Any CPU.Build.0 = TimeNet|Any CPU
		{1E618F2D-DCF8-450C-A493-D26BB8B28B72}.Zafiro|x64.ActiveCfg = TimeNet|x64
		{1E618F2D-DCF8-450C-A493-D26BB8B28B72}.Zafiro|x64.Build.0 = TimeNet|x64
		{1E618F2D-DCF8-450C-A493-D26BB8B28B72}.Zafiro|x86.ActiveCfg = TimeNet|Any CPU
		{1E618F2D-DCF8-450C-A493-D26BB8B28B72}.Zafiro|x86.Build.0 = TimeNet|Any CPU
		{E479905E-0433-4E92-B896-F6782229618C}.Debug|Any CPU.ActiveCfg = Debug|Any CPU
		{E479905E-0433-4E92-B896-F6782229618C}.Debug|Any CPU.Build.0 = Debug|Any CPU
		{E479905E-0433-4E92-B896-F6782229618C}.Debug|x64.ActiveCfg = Debug|Any CPU
		{E479905E-0433-4E92-B896-F6782229618C}.Debug|x64.Build.0 = Debug|Any CPU
		{E479905E-0433-4E92-B896-F6782229618C}.Debug|x86.ActiveCfg = Debug|Any CPU
		{E479905E-0433-4E92-B896-F6782229618C}.Debug|x86.Build.0 = Debug|Any CPU
		{E479905E-0433-4E92-B896-F6782229618C}.Release|Any CPU.ActiveCfg = Release|Any CPU
		{E479905E-0433-4E92-B896-F6782229618C}.Release|Any CPU.Build.0 = Release|Any CPU
		{E479905E-0433-4E92-B896-F6782229618C}.Release|x64.ActiveCfg = Release|Any CPU
		{E479905E-0433-4E92-B896-F6782229618C}.Release|x64.Build.0 = Release|Any CPU
		{E479905E-0433-4E92-B896-F6782229618C}.Release|x86.ActiveCfg = Release|Any CPU
		{E479905E-0433-4E92-B896-F6782229618C}.Release|x86.Build.0 = Release|Any CPU
		{E479905E-0433-4E92-B896-F6782229618C}.Zafiro|Any CPU.ActiveCfg = Zafiro|Any CPU
		{E479905E-0433-4E92-B896-F6782229618C}.Zafiro|Any CPU.Build.0 = Zafiro|Any CPU
		{E479905E-0433-4E92-B896-F6782229618C}.Zafiro|x64.ActiveCfg = Zafiro|Any CPU
		{E479905E-0433-4E92-B896-F6782229618C}.Zafiro|x64.Build.0 = Zafiro|Any CPU
		{E479905E-0433-4E92-B896-F6782229618C}.Zafiro|x86.ActiveCfg = Zafiro|Any CPU
		{E479905E-0433-4E92-B896-F6782229618C}.Zafiro|x86.Build.0 = Zafiro|Any CPU
		{0DCE5E0B-E6E0-40EA-917F-8F2306FD0F53}.Debug|Any CPU.ActiveCfg = Debug|Any CPU
		{0DCE5E0B-E6E0-40EA-917F-8F2306FD0F53}.Debug|Any CPU.Build.0 = Debug|Any CPU
		{0DCE5E0B-E6E0-40EA-917F-8F2306FD0F53}.Debug|x64.ActiveCfg = Debug|Any CPU
		{0DCE5E0B-E6E0-40EA-917F-8F2306FD0F53}.Debug|x64.Build.0 = Debug|Any CPU
		{0DCE5E0B-E6E0-40EA-917F-8F2306FD0F53}.Debug|x86.ActiveCfg = Debug|Any CPU
		{0DCE5E0B-E6E0-40EA-917F-8F2306FD0F53}.Debug|x86.Build.0 = Debug|Any CPU
		{0DCE5E0B-E6E0-40EA-917F-8F2306FD0F53}.Release|Any CPU.ActiveCfg = Release|Any CPU
		{0DCE5E0B-E6E0-40EA-917F-8F2306FD0F53}.Release|Any CPU.Build.0 = Release|Any CPU
		{0DCE5E0B-E6E0-40EA-917F-8F2306FD0F53}.Release|x64.ActiveCfg = Release|Any CPU
		{0DCE5E0B-E6E0-40EA-917F-8F2306FD0F53}.Release|x64.Build.0 = Release|Any CPU
		{0DCE5E0B-E6E0-40EA-917F-8F2306FD0F53}.Release|x86.ActiveCfg = Release|Any CPU
		{0DCE5E0B-E6E0-40EA-917F-8F2306FD0F53}.Release|x86.Build.0 = Release|Any CPU
		{0DCE5E0B-E6E0-40EA-917F-8F2306FD0F53}.Zafiro|Any CPU.ActiveCfg = Release|Any CPU
		{0DCE5E0B-E6E0-40EA-917F-8F2306FD0F53}.Zafiro|Any CPU.Build.0 = Release|Any CPU
		{0DCE5E0B-E6E0-40EA-917F-8F2306FD0F53}.Zafiro|x64.ActiveCfg = Release|Any CPU
		{0DCE5E0B-E6E0-40EA-917F-8F2306FD0F53}.Zafiro|x64.Build.0 = Release|Any CPU
		{0DCE5E0B-E6E0-40EA-917F-8F2306FD0F53}.Zafiro|x86.ActiveCfg = Release|Any CPU
		{0DCE5E0B-E6E0-40EA-917F-8F2306FD0F53}.Zafiro|x86.Build.0 = Release|Any CPU
		{4498B36D-B6A7-42FF-B1F6-660BC258FBC3}.Debug|Any CPU.ActiveCfg = Debug|Any CPU
		{4498B36D-B6A7-42FF-B1F6-660BC258FBC3}.Debug|Any CPU.Build.0 = Debug|Any CPU
		{4498B36D-B6A7-42FF-B1F6-660BC258FBC3}.Debug|x64.ActiveCfg = Debug|Any CPU
		{4498B36D-B6A7-42FF-B1F6-660BC258FBC3}.Debug|x64.Build.0 = Debug|Any CPU
		{4498B36D-B6A7-42FF-B1F6-660BC258FBC3}.Debug|x86.ActiveCfg = Debug|Any CPU
		{4498B36D-B6A7-42FF-B1F6-660BC258FBC3}.Debug|x86.Build.0 = Debug|Any CPU
		{4498B36D-B6A7-42FF-B1F6-660BC258FBC3}.Release|Any CPU.ActiveCfg = Release|Any CPU
		{4498B36D-B6A7-42FF-B1F6-660BC258FBC3}.Release|Any CPU.Build.0 = Release|Any CPU
		{4498B36D-B6A7-42FF-B1F6-660BC258FBC3}.Release|x64.ActiveCfg = Release|Any CPU
		{4498B36D-B6A7-42FF-B1F6-660BC258FBC3}.Release|x64.Build.0 = Release|Any CPU
		{4498B36D-B6A7-42FF-B1F6-660BC258FBC3}.Release|x86.ActiveCfg = Release|Any CPU
		{4498B36D-B6A7-42FF-B1F6-660BC258FBC3}.Release|x86.Build.0 = Release|Any CPU
		{4498B36D-B6A7-42FF-B1F6-660BC258FBC3}.Zafiro|Any CPU.ActiveCfg = Release|Any CPU
		{4498B36D-B6A7-42FF-B1F6-660BC258FBC3}.Zafiro|Any CPU.Build.0 = Release|Any CPU
		{4498B36D-B6A7-42FF-B1F6-660BC258FBC3}.Zafiro|x64.ActiveCfg = Release|Any CPU
		{4498B36D-B6A7-42FF-B1F6-660BC258FBC3}.Zafiro|x64.Build.0 = Release|Any CPU
		{4498B36D-B6A7-42FF-B1F6-660BC258FBC3}.Zafiro|x86.ActiveCfg = Release|Any CPU
		{4498B36D-B6A7-42FF-B1F6-660BC258FBC3}.Zafiro|x86.Build.0 = Release|Any CPU
		{E3A72FBC-EDED-437A-88F3-466EA9E2FA4D}.Debug|Any CPU.ActiveCfg = Debug|Any CPU
		{E3A72FBC-EDED-437A-88F3-466EA9E2FA4D}.Debug|Any CPU.Build.0 = Debug|Any CPU
		{E3A72FBC-EDED-437A-88F3-466EA9E2FA4D}.Debug|x64.ActiveCfg = Debug|Any CPU
		{E3A72FBC-EDED-437A-88F3-466EA9E2FA4D}.Debug|x64.Build.0 = Debug|Any CPU
		{E3A72FBC-EDED-437A-88F3-466EA9E2FA4D}.Debug|x86.ActiveCfg = Debug|Any CPU
		{E3A72FBC-EDED-437A-88F3-466EA9E2FA4D}.Debug|x86.Build.0 = Debug|Any CPU
		{E3A72FBC-EDED-437A-88F3-466EA9E2FA4D}.Release|Any CPU.ActiveCfg = Release|Any CPU
		{E3A72FBC-EDED-437A-88F3-466EA9E2FA4D}.Release|Any CPU.Build.0 = Release|Any CPU
		{E3A72FBC-EDED-437A-88F3-466EA9E2FA4D}.Release|x64.ActiveCfg = Release|Any CPU
		{E3A72FBC-EDED-437A-88F3-466EA9E2FA4D}.Release|x64.Build.0 = Release|Any CPU
		{E3A72FBC-EDED-437A-88F3-466EA9E2FA4D}.Release|x86.ActiveCfg = Release|Any CPU
		{E3A72FBC-EDED-437A-88F3-466EA9E2FA4D}.Release|x86.Build.0 = Release|Any CPU
		{E3A72FBC-EDED-437A-88F3-466EA9E2FA4D}.Zafiro|Any CPU.ActiveCfg = Release|Any CPU
		{E3A72FBC-EDED-437A-88F3-466EA9E2FA4D}.Zafiro|Any CPU.Build.0 = Release|Any CPU
		{E3A72FBC-EDED-437A-88F3-466EA9E2FA4D}.Zafiro|x64.ActiveCfg = Release|Any CPU
		{E3A72FBC-EDED-437A-88F3-466EA9E2FA4D}.Zafiro|x64.Build.0 = Release|Any CPU
		{E3A72FBC-EDED-437A-88F3-466EA9E2FA4D}.Zafiro|x86.ActiveCfg = Release|Any CPU
		{E3A72FBC-EDED-437A-88F3-466EA9E2FA4D}.Zafiro|x86.Build.0 = Release|Any CPU
		{77A9BA99-4DF9-4D4E-81A2-D96C9B502D55}.Debug|Any CPU.ActiveCfg = Debug|Any CPU
		{77A9BA99-4DF9-4D4E-81A2-D96C9B502D55}.Debug|Any CPU.Build.0 = Debug|Any CPU
		{77A9BA99-4DF9-4D4E-81A2-D96C9B502D55}.Debug|x64.ActiveCfg = Debug|Any CPU
		{77A9BA99-4DF9-4D4E-81A2-D96C9B502D55}.Debug|x64.Build.0 = Debug|Any CPU
		{77A9BA99-4DF9-4D4E-81A2-D96C9B502D55}.Debug|x86.ActiveCfg = Debug|Any CPU
		{77A9BA99-4DF9-4D4E-81A2-D96C9B502D55}.Debug|x86.Build.0 = Debug|Any CPU
		{77A9BA99-4DF9-4D4E-81A2-D96C9B502D55}.Release|Any CPU.ActiveCfg = Release|Any CPU
		{77A9BA99-4DF9-4D4E-81A2-D96C9B502D55}.Release|Any CPU.Build.0 = Release|Any CPU
		{77A9BA99-4DF9-4D4E-81A2-D96C9B502D55}.Release|x64.ActiveCfg = Release|Any CPU
		{77A9BA99-4DF9-4D4E-81A2-D96C9B502D55}.Release|x64.Build.0 = Release|Any CPU
		{77A9BA99-4DF9-4D4E-81A2-D96C9B502D55}.Release|x86.ActiveCfg = Release|Any CPU
		{77A9BA99-4DF9-4D4E-81A2-D96C9B502D55}.Release|x86.Build.0 = Release|Any CPU
		{77A9BA99-4DF9-4D4E-81A2-D96C9B502D55}.Zafiro|Any CPU.ActiveCfg = Zafiro|Any CPU
		{77A9BA99-4DF9-4D4E-81A2-D96C9B502D55}.Zafiro|Any CPU.Build.0 = Zafiro|Any CPU
		{77A9BA99-4DF9-4D4E-81A2-D96C9B502D55}.Zafiro|x64.ActiveCfg = Zafiro|Any CPU
		{77A9BA99-4DF9-4D4E-81A2-D96C9B502D55}.Zafiro|x64.Build.0 = Zafiro|Any CPU
		{77A9BA99-4DF9-4D4E-81A2-D96C9B502D55}.Zafiro|x86.ActiveCfg = Zafiro|Any CPU
		{77A9BA99-4DF9-4D4E-81A2-D96C9B502D55}.Zafiro|x86.Build.0 = Zafiro|Any CPU
		{EF482C41-B1BB-498F-8358-E436C29AB752}.Debug|Any CPU.ActiveCfg = Debug|Any CPU
		{EF482C41-B1BB-498F-8358-E436C29AB752}.Debug|Any CPU.Build.0 = Debug|Any CPU
		{EF482C41-B1BB-498F-8358-E436C29AB752}.Debug|x64.ActiveCfg = Debug|Any CPU
		{EF482C41-B1BB-498F-8358-E436C29AB752}.Debug|x64.Build.0 = Debug|Any CPU
		{EF482C41-B1BB-498F-8358-E436C29AB752}.Debug|x86.ActiveCfg = Debug|Any CPU
		{EF482C41-B1BB-498F-8358-E436C29AB752}.Debug|x86.Build.0 = Debug|Any CPU
		{EF482C41-B1BB-498F-8358-E436C29AB752}.Release|Any CPU.ActiveCfg = Release|Any CPU
		{EF482C41-B1BB-498F-8358-E436C29AB752}.Release|Any CPU.Build.0 = Release|Any CPU
		{EF482C41-B1BB-498F-8358-E436C29AB752}.Release|x64.ActiveCfg = Release|Any CPU
		{EF482C41-B1BB-498F-8358-E436C29AB752}.Release|x64.Build.0 = Release|Any CPU
		{EF482C41-B1BB-498F-8358-E436C29AB752}.Release|x86.ActiveCfg = Release|Any CPU
		{EF482C41-B1BB-498F-8358-E436C29AB752}.Release|x86.Build.0 = Release|Any CPU
		{EF482C41-B1BB-498F-8358-E436C29AB752}.Zafiro|Any CPU.ActiveCfg = Release|Any CPU
		{EF482C41-B1BB-498F-8358-E436C29AB752}.Zafiro|Any CPU.Build.0 = Release|Any CPU
		{EF482C41-B1BB-498F-8358-E436C29AB752}.Zafiro|x64.ActiveCfg = Release|Any CPU
		{EF482C41-B1BB-498F-8358-E436C29AB752}.Zafiro|x64.Build.0 = Release|Any CPU
		{EF482C41-B1BB-498F-8358-E436C29AB752}.Zafiro|x86.ActiveCfg = Release|Any CPU
		{EF482C41-B1BB-498F-8358-E436C29AB752}.Zafiro|x86.Build.0 = Release|Any CPU
		{80BA902E-808D-42DF-8E0A-E73FB20FFAAA}.Debug|Any CPU.ActiveCfg = Debug|Any CPU
		{80BA902E-808D-42DF-8E0A-E73FB20FFAAA}.Debug|Any CPU.Build.0 = Debug|Any CPU
		{80BA902E-808D-42DF-8E0A-E73FB20FFAAA}.Debug|x64.ActiveCfg = Debug|Any CPU
		{80BA902E-808D-42DF-8E0A-E73FB20FFAAA}.Debug|x64.Build.0 = Debug|Any CPU
		{80BA902E-808D-42DF-8E0A-E73FB20FFAAA}.Debug|x86.ActiveCfg = Debug|Any CPU
		{80BA902E-808D-42DF-8E0A-E73FB20FFAAA}.Debug|x86.Build.0 = Debug|Any CPU
		{80BA902E-808D-42DF-8E0A-E73FB20FFAAA}.Release|Any CPU.ActiveCfg = Release|Any CPU
		{80BA902E-808D-42DF-8E0A-E73FB20FFAAA}.Release|Any CPU.Build.0 = Release|Any CPU
		{80BA902E-808D-42DF-8E0A-E73FB20FFAAA}.Release|x64.ActiveCfg = Release|Any CPU
		{80BA902E-808D-42DF-8E0A-E73FB20FFAAA}.Release|x64.Build.0 = Release|Any CPU
		{80BA902E-808D-42DF-8E0A-E73FB20FFAAA}.Release|x86.ActiveCfg = Release|Any CPU
		{80BA902E-808D-42DF-8E0A-E73FB20FFAAA}.Release|x86.Build.0 = Release|Any CPU
		{80BA902E-808D-42DF-8E0A-E73FB20FFAAA}.Zafiro|Any CPU.ActiveCfg = Zafiro|Any CPU
		{80BA902E-808D-42DF-8E0A-E73FB20FFAAA}.Zafiro|Any CPU.Build.0 = Zafiro|Any CPU
		{80BA902E-808D-42DF-8E0A-E73FB20FFAAA}.Zafiro|x64.ActiveCfg = Zafiro|Any CPU
		{80BA902E-808D-42DF-8E0A-E73FB20FFAAA}.Zafiro|x64.Build.0 = Zafiro|Any CPU
		{80BA902E-808D-42DF-8E0A-E73FB20FFAAA}.Zafiro|x86.ActiveCfg = Zafiro|Any CPU
		{80BA902E-808D-42DF-8E0A-E73FB20FFAAA}.Zafiro|x86.Build.0 = Zafiro|Any CPU
		{2EE10EAD-F482-415B-A7FA-89B384ECAC6E}.Debug|Any CPU.ActiveCfg = Debug|Any CPU
		{2EE10EAD-F482-415B-A7FA-89B384ECAC6E}.Debug|Any CPU.Build.0 = Debug|Any CPU
		{2EE10EAD-F482-415B-A7FA-89B384ECAC6E}.Debug|x64.ActiveCfg = Debug|Any CPU
		{2EE10EAD-F482-415B-A7FA-89B384ECAC6E}.Debug|x64.Build.0 = Debug|Any CPU
		{2EE10EAD-F482-415B-A7FA-89B384ECAC6E}.Debug|x86.ActiveCfg = Debug|Any CPU
		{2EE10EAD-F482-415B-A7FA-89B384ECAC6E}.Debug|x86.Build.0 = Debug|Any CPU
		{2EE10EAD-F482-415B-A7FA-89B384ECAC6E}.Release|Any CPU.ActiveCfg = Release|Any CPU
		{2EE10EAD-F482-415B-A7FA-89B384ECAC6E}.Release|Any CPU.Build.0 = Release|Any CPU
		{2EE10EAD-F482-415B-A7FA-89B384ECAC6E}.Release|x64.ActiveCfg = Release|Any CPU
		{2EE10EAD-F482-415B-A7FA-89B384ECAC6E}.Release|x64.Build.0 = Release|Any CPU
		{2EE10EAD-F482-415B-A7FA-89B384ECAC6E}.Release|x86.ActiveCfg = Release|Any CPU
		{2EE10EAD-F482-415B-A7FA-89B384ECAC6E}.Release|x86.Build.0 = Release|Any CPU
		{2EE10EAD-F482-415B-A7FA-89B384ECAC6E}.Zafiro|Any CPU.ActiveCfg = Zafiro|Any CPU
		{2EE10EAD-F482-415B-A7FA-89B384ECAC6E}.Zafiro|Any CPU.Build.0 = Zafiro|Any CPU
		{2EE10EAD-F482-415B-A7FA-89B384ECAC6E}.Zafiro|x64.ActiveCfg = Zafiro|Any CPU
		{2EE10EAD-F482-415B-A7FA-89B384ECAC6E}.Zafiro|x64.Build.0 = Zafiro|Any CPU
		{2EE10EAD-F482-415B-A7FA-89B384ECAC6E}.Zafiro|x86.ActiveCfg = Zafiro|Any CPU
		{2EE10EAD-F482-415B-A7FA-89B384ECAC6E}.Zafiro|x86.Build.0 = Zafiro|Any CPU
		{A1A75149-88AD-4B7D-84DF-1EFD41586956}.Debug|Any CPU.ActiveCfg = Debug|Any CPU
		{A1A75149-88AD-4B7D-84DF-1EFD41586956}.Debug|Any CPU.Build.0 = Debug|Any CPU
		{A1A75149-88AD-4B7D-84DF-1EFD41586956}.Debug|x64.ActiveCfg = Debug|Any CPU
		{A1A75149-88AD-4B7D-84DF-1EFD41586956}.Debug|x64.Build.0 = Debug|Any CPU
		{A1A75149-88AD-4B7D-84DF-1EFD41586956}.Debug|x86.ActiveCfg = Debug|Any CPU
		{A1A75149-88AD-4B7D-84DF-1EFD41586956}.Debug|x86.Build.0 = Debug|Any CPU
		{A1A75149-88AD-4B7D-84DF-1EFD41586956}.Release|Any CPU.ActiveCfg = Release|Any CPU
		{A1A75149-88AD-4B7D-84DF-1EFD41586956}.Release|Any CPU.Build.0 = Release|Any CPU
		{A1A75149-88AD-4B7D-84DF-1EFD41586956}.Release|x64.ActiveCfg = Release|Any CPU
		{A1A75149-88AD-4B7D-84DF-1EFD41586956}.Release|x64.Build.0 = Release|Any CPU
		{A1A75149-88AD-4B7D-84DF-1EFD41586956}.Release|x86.ActiveCfg = Release|Any CPU
		{A1A75149-88AD-4B7D-84DF-1EFD41586956}.Release|x86.Build.0 = Release|Any CPU
		{A1A75149-88AD-4B7D-84DF-1EFD41586956}.Zafiro|Any CPU.ActiveCfg = Zafiro|Any CPU
		{A1A75149-88AD-4B7D-84DF-1EFD41586956}.Zafiro|Any CPU.Build.0 = Zafiro|Any CPU
		{A1A75149-88AD-4B7D-84DF-1EFD41586956}.Zafiro|x64.ActiveCfg = Zafiro|Any CPU
		{A1A75149-88AD-4B7D-84DF-1EFD41586956}.Zafiro|x64.Build.0 = Zafiro|Any CPU
		{A1A75149-88AD-4B7D-84DF-1EFD41586956}.Zafiro|x86.ActiveCfg = Zafiro|Any CPU
		{A1A75149-88AD-4B7D-84DF-1EFD41586956}.Zafiro|x86.Build.0 = Zafiro|Any CPU
		{DB9BB340-B271-400F-8E7E-117EBFC7372E}.Debug|Any CPU.ActiveCfg = Debug|Any CPU
		{DB9BB340-B271-400F-8E7E-117EBFC7372E}.Debug|Any CPU.Build.0 = Debug|Any CPU
		{DB9BB340-B271-400F-8E7E-117EBFC7372E}.Debug|x64.ActiveCfg = Debug|Any CPU
		{DB9BB340-B271-400F-8E7E-117EBFC7372E}.Debug|x64.Build.0 = Debug|Any CPU
		{DB9BB340-B271-400F-8E7E-117EBFC7372E}.Debug|x86.ActiveCfg = Debug|Any CPU
		{DB9BB340-B271-400F-8E7E-117EBFC7372E}.Debug|x86.Build.0 = Debug|Any CPU
		{DB9BB340-B271-400F-8E7E-117EBFC7372E}.Release|Any CPU.ActiveCfg = Release|Any CPU
		{DB9BB340-B271-400F-8E7E-117EBFC7372E}.Release|Any CPU.Build.0 = Release|Any CPU
		{DB9BB340-B271-400F-8E7E-117EBFC7372E}.Release|x64.ActiveCfg = Release|Any CPU
		{DB9BB340-B271-400F-8E7E-117EBFC7372E}.Release|x64.Build.0 = Release|Any CPU
		{DB9BB340-B271-400F-8E7E-117EBFC7372E}.Release|x86.ActiveCfg = Release|Any CPU
		{DB9BB340-B271-400F-8E7E-117EBFC7372E}.Release|x86.Build.0 = Release|Any CPU
		{DB9BB340-B271-400F-8E7E-117EBFC7372E}.Zafiro|Any CPU.ActiveCfg = Zafiro|Any CPU
		{DB9BB340-B271-400F-8E7E-117EBFC7372E}.Zafiro|Any CPU.Build.0 = Zafiro|Any CPU
		{DB9BB340-B271-400F-8E7E-117EBFC7372E}.Zafiro|x64.ActiveCfg = Zafiro|Any CPU
		{DB9BB340-B271-400F-8E7E-117EBFC7372E}.Zafiro|x64.Build.0 = Zafiro|Any CPU
		{DB9BB340-B271-400F-8E7E-117EBFC7372E}.Zafiro|x86.ActiveCfg = Zafiro|Any CPU
		{DB9BB340-B271-400F-8E7E-117EBFC7372E}.Zafiro|x86.Build.0 = Zafiro|Any CPU
		{94C38B15-8489-4BC4-B8D6-F17F9860EB3A}.Debug|Any CPU.ActiveCfg = Debug|Any CPU
		{94C38B15-8489-4BC4-B8D6-F17F9860EB3A}.Debug|Any CPU.Build.0 = Debug|Any CPU
		{94C38B15-8489-4BC4-B8D6-F17F9860EB3A}.Debug|x64.ActiveCfg = Debug|Any CPU
		{94C38B15-8489-4BC4-B8D6-F17F9860EB3A}.Debug|x64.Build.0 = Debug|Any CPU
		{94C38B15-8489-4BC4-B8D6-F17F9860EB3A}.Debug|x86.ActiveCfg = Debug|Any CPU
		{94C38B15-8489-4BC4-B8D6-F17F9860EB3A}.Debug|x86.Build.0 = Debug|Any CPU
		{94C38B15-8489-4BC4-B8D6-F17F9860EB3A}.Release|Any CPU.ActiveCfg = Release|Any CPU
		{94C38B15-8489-4BC4-B8D6-F17F9860EB3A}.Release|Any CPU.Build.0 = Release|Any CPU
		{94C38B15-8489-4BC4-B8D6-F17F9860EB3A}.Release|x64.ActiveCfg = Release|Any CPU
		{94C38B15-8489-4BC4-B8D6-F17F9860EB3A}.Release|x64.Build.0 = Release|Any CPU
		{94C38B15-8489-4BC4-B8D6-F17F9860EB3A}.Release|x86.ActiveCfg = Release|Any CPU
		{94C38B15-8489-4BC4-B8D6-F17F9860EB3A}.Release|x86.Build.0 = Release|Any CPU
		{94C38B15-8489-4BC4-B8D6-F17F9860EB3A}.Zafiro|Any CPU.ActiveCfg = Release|Any CPU
		{94C38B15-8489-4BC4-B8D6-F17F9860EB3A}.Zafiro|Any CPU.Build.0 = Release|Any CPU
		{94C38B15-8489-4BC4-B8D6-F17F9860EB3A}.Zafiro|x64.ActiveCfg = Release|Any CPU
		{94C38B15-8489-4BC4-B8D6-F17F9860EB3A}.Zafiro|x64.Build.0 = Release|Any CPU
		{94C38B15-8489-4BC4-B8D6-F17F9860EB3A}.Zafiro|x86.ActiveCfg = Release|Any CPU
		{94C38B15-8489-4BC4-B8D6-F17F9860EB3A}.Zafiro|x86.Build.0 = Release|Any CPU
		{4492BDCD-7C91-4D4C-B981-2D70BCB61796}.Debug|Any CPU.ActiveCfg = Debug|Any CPU
		{4492BDCD-7C91-4D4C-B981-2D70BCB61796}.Debug|Any CPU.Build.0 = Debug|Any CPU
		{4492BDCD-7C91-4D4C-B981-2D70BCB61796}.Debug|x64.ActiveCfg = Debug|Any CPU
		{4492BDCD-7C91-4D4C-B981-2D70BCB61796}.Debug|x64.Build.0 = Debug|Any CPU
		{4492BDCD-7C91-4D4C-B981-2D70BCB61796}.Debug|x86.ActiveCfg = Debug|Any CPU
		{4492BDCD-7C91-4D4C-B981-2D70BCB61796}.Debug|x86.Build.0 = Debug|Any CPU
		{4492BDCD-7C91-4D4C-B981-2D70BCB61796}.Release|Any CPU.ActiveCfg = Release|Any CPU
		{4492BDCD-7C91-4D4C-B981-2D70BCB61796}.Release|Any CPU.Build.0 = Release|Any CPU
		{4492BDCD-7C91-4D4C-B981-2D70BCB61796}.Release|x64.ActiveCfg = Release|Any CPU
		{4492BDCD-7C91-4D4C-B981-2D70BCB61796}.Release|x64.Build.0 = Release|Any CPU
		{4492BDCD-7C91-4D4C-B981-2D70BCB61796}.Release|x86.ActiveCfg = Release|Any CPU
		{4492BDCD-7C91-4D4C-B981-2D70BCB61796}.Release|x86.Build.0 = Release|Any CPU
		{4492BDCD-7C91-4D4C-B981-2D70BCB61796}.Zafiro|Any CPU.ActiveCfg = Zafiro|Any CPU
		{4492BDCD-7C91-4D4C-B981-2D70BCB61796}.Zafiro|Any CPU.Build.0 = Zafiro|Any CPU
		{4492BDCD-7C91-4D4C-B981-2D70BCB61796}.Zafiro|x64.ActiveCfg = Zafiro|Any CPU
		{4492BDCD-7C91-4D4C-B981-2D70BCB61796}.Zafiro|x64.Build.0 = Zafiro|Any CPU
		{4492BDCD-7C91-4D4C-B981-2D70BCB61796}.Zafiro|x86.ActiveCfg = Zafiro|Any CPU
		{4492BDCD-7C91-4D4C-B981-2D70BCB61796}.Zafiro|x86.Build.0 = Zafiro|Any CPU
	EndGlobalSection
	GlobalSection(SolutionProperties) = preSolution
		HideSolutionNode = FALSE
	EndGlobalSection
	GlobalSection(ExtensibilityGlobals) = postSolution
		SolutionGuid = {C9E80FB6-E7A2-422B-951E-9EF086564EB2}
	EndGlobalSection
EndGlobal
